{
  "name": "harmonichurricane",
  "version": "1.0.0",
  "lockfileVersion": 1,
  "requires": true,
  "dependencies": {
    "abcjs": {
      "version": "6.2.3",
      "resolved": "https://registry.npmjs.org/abcjs/-/abcjs-6.2.3.tgz",
      "integrity": "sha512-epu8C1yRkxV7Ss9hS0Bu72rairl1p2sR3hviVowjtdDJvb5GRE0SrB4TtN4HBbaoYhvxGnSZQxGULfQlW3o3RQ=="
    },
    "bootstrap": {
      "version": "5.3.2",
      "resolved": "https://registry.npmjs.org/bootstrap/-/bootstrap-5.3.2.tgz",
      "integrity": "sha512-D32nmNWiQHo94BKHLmOrdjlL05q1c8oxbtBphQFb9Z5to6eGRDCm0QgeaZ4zFBHzfg2++rqa2JkqCcxDy0sH0g=="
    }
  }
}
